
Microsoft Visual Studio Solution File, Format Version 12.00
# Visual Studio Version 17
VisualStudioVersion = 17.3.32922.545
MinimumVisualStudioVersion = 10.0.40219.1
Project("{FAE04EC0-301F-11D3-BF4B-00C04F79EFBC}") = "Regex", "Regex\Regex.csproj", "{2DDD319B-37AC-4B19-B116-864665C6972D}"
EndProject
Global
	GlobalSection(SolutionConfigurationPlatforms) = preSolution
		Debug|Any CPU = Debug|Any CPU
		Release|Any CPU = Release|Any CPU
	EndGlobalSection
	GlobalSection(ProjectConfigurationPlatforms) = postSolution
		{2DDD319B-37AC-4B19-B116-864665C6972D}.Debug|Any CPU.ActiveCfg = Debug|Any CPU
		{2DDD319B-37AC-4B19-B116-864665C6972D}.Debug|Any CPU.Build.0 = Debug|Any CPU
		{2DDD319B-37AC-4B19-B116-864665C6972D}.Release|Any CPU.ActiveCfg = Release|Any CPU
		{2DDD319B-37AC-4B19-B116-864665C6972D}.Release|Any CPU.Build.0 = Release|Any CPU
	EndGlobalSection
	GlobalSection(SolutionProperties) = preSolution
		HideSolutionNode = FALSE
	EndGlobalSection
	GlobalSection(ExtensibilityGlobals) = postSolution
		SolutionGuid = {3947F93B-F24D-402B-9C15-CF4E29429DDF}
	EndGlobalSection
EndGlobal
